
Microsoft Visual Studio Solution File, Format Version 12.00
# Visual Studio Version 16
VisualStudioVersion = 16.0.30717.126
MinimumVisualStudioVersion = 10.0.40219.1
Project("{FAE04EC0-301F-11D3-BF4B-00C04F79EFBC}") = "Sales", "Sales\Sales.csproj", "{CC6F1CCA-00A5-4C32-88EE-424C62017806}"
EndProject
Project("{FAE04EC0-301F-11D3-BF4B-00C04F79EFBC}") = "Commons", "Commons\Commons.csproj", "{A4F52F60-7D04-44F3-8358-D1A6392C3923}"
EndProject
Project("{FAE04EC0-301F-11D3-BF4B-00C04F79EFBC}") = "Sales.Contracts", "Sales.Contracts\Sales.Contracts.csproj", "{7F0B4A2C-AE81-44E6-AA87-8999569E39FE}"
EndProject
Global
	GlobalSection(SolutionConfigurationPlatforms) = preSolution
		Debug|Any CPU = Debug|Any CPU
		Release|Any CPU = Release|Any CPU
	EndGlobalSection
	GlobalSection(ProjectConfigurationPlatforms) = postSolution
		{CC6F1CCA-00A5-4C32-88EE-424C62017806}.Debug|Any CPU.ActiveCfg = Debug|Any CPU
		{CC6F1CCA-00A5-4C32-88EE-424C62017806}.Debug|Any CPU.Build.0 = Debug|Any CPU
		{CC6F1CCA-00A5-4C32-88EE-424C62017806}.Release|Any CPU.ActiveCfg = Release|Any CPU
		{CC6F1CCA-00A5-4C32-88EE-424C62017806}.Release|Any CPU.Build.0 = Release|Any CPU
		{A4F52F60-7D04-44F3-8358-D1A6392C3923}.Debug|Any CPU.ActiveCfg = Debug|Any CPU
		{A4F52F60-7D04-44F3-8358-D1A6392C3923}.Debug|Any CPU.Build.0 = Debug|Any CPU
		{A4F52F60-7D04-44F3-8358-D1A6392C3923}.Release|Any CPU.ActiveCfg = Release|Any CPU
		{A4F52F60-7D04-44F3-8358-D1A6392C3923}.Release|Any CPU.Build.0 = Release|Any CPU
		{7F0B4A2C-AE81-44E6-AA87-8999569E39FE}.Debug|Any CPU.ActiveCfg = Debug|Any CPU
		{7F0B4A2C-AE81-44E6-AA87-8999569E39FE}.Debug|Any CPU.Build.0 = Debug|Any CPU
		{7F0B4A2C-AE81-44E6-AA87-8999569E39FE}.Release|Any CPU.ActiveCfg = Release|Any CPU
		{7F0B4A2C-AE81-44E6-AA87-8999569E39FE}.Release|Any CPU.Build.0 = Release|Any CPU
	EndGlobalSection
	GlobalSection(SolutionProperties) = preSolution
		HideSolutionNode = FALSE
	EndGlobalSection
	GlobalSection(ExtensibilityGlobals) = postSolution
		SolutionGuid = {2F792463-72AE-4EC8-A5EF-AB2577846CD9}
	EndGlobalSection
EndGlobal
